{
    "_meta": {
        "hash": {
            "sha256": "07e0ba7dd2cec2ce2ad031621b1dfebf2eaba7c504db4744d39755965e737e3c"
        },
        "pipfile-spec": 6,
        "requires": {
            "python_version": "3.8"
        },
        "sources": [
            {
                "name": "pypi",
                "url": "https://pypi.org/simple",
                "verify_ssl": true
            }
        ]
    },
    "default": {
        "numpy": {
            "hashes": [
                "sha256:1a784e8ff7ea2a32e393cc53eb0003eca1597c7ca628227e34ce34eb11645a0e",
                "sha256:2ba579dde0563f47021dcd652253103d6fd66165b18011dce1a0609215b2791e",
                "sha256:3537b967b350ad17633b35c2f4b1a1bbd258c018910b518c30b48c8e41272717",
                "sha256:3c40e6b860220ed862e8097b8f81c9af6d7405b723f4a7af24a267b46f90e461",
                "sha256:598fe100b2948465cf3ed64b1a326424b5e4be2670552066e17dfaa67246011d",
                "sha256:620732f42259eb2c4642761bd324462a01cdd13dd111740ce3d344992dd8492f",
                "sha256:709884863def34d72b183d074d8ba5cfe042bc3ff8898f1ffad0209161caaa99",
                "sha256:75579acbadbf74e3afd1153da6177f846212ea2a0cc77de53523ae02c9256513",
                "sha256:7c55407f739f0bfcec67d0df49103f9333edc870061358ac8a8c9e37ea02fcd2",
                "sha256:a1f2fb2da242568af0271455b89aee0f71e4e032086ee2b4c5098945d0e11cf6",
                "sha256:a290989cd671cd0605e9c91a70e6df660f73ae87484218e8285c6522d29f6e38",
                "sha256:ac4fd578322842dbda8d968e3962e9f22e862b6ec6e3378e7415625915e2da4d",
                "sha256:ad09f55cc95ed8d80d8ab2052f78cc21cb231764de73e229140d81ff49d8145e",
                "sha256:b9205711e5440954f861ceeea8f1b415d7dd15214add2e878b4d1cf2bcb1a914",
                "sha256:bba474a87496d96e61461f7306fba2ebba127bed7836212c360f144d1e72ac54",
                "sha256:bebab3eaf0641bba26039fb0b2c5bf9b99407924b53b1ea86e03c32c64ef5aef",
                "sha256:cc367c86eb87e5b7c9592935620f22d13b090c609f1b27e49600cd033b529f54",
                "sha256:ccc6c650f8700ce1e3a77668bb7c43e45c20ac06ae00d22bdf6760b38958c883",
                "sha256:cf680682ad0a3bef56dae200dbcbac2d57294a73e5b0f9864955e7dd7c2c2491",
                "sha256:d2910d0a075caed95de1a605df00ee03b599de5419d0b95d55342e9a33ad1fb3",
                "sha256:d5caa946a9f55511e76446e170bdad1d12d6b54e17a2afe7b189112ed4412bb8",
                "sha256:d89b0dc7f005090e32bb4f9bf796e1dcca6b52243caf1803fdd2b748d8561f63",
                "sha256:d95d16204cd51ff1a1c8d5f9958ce90ae190be81d348b514f9be39f878b8044a",
                "sha256:e4d5a86a5257843a18fb1220c5f1c199532bc5d24e849ed4b0289fb59fbd4d8f",
                "sha256:e58ddb53a7b4959932f5582ac455ff90dcb05fac3f8dcc8079498d43afbbde6c",
                "sha256:e80fe25cba41c124d04c662f33f6364909b985f2eb5998aaa5ae4b9587242cce",
                "sha256:eda2829af498946c59d8585a9fd74da3f810866e05f8df03a86f70079c7531dd",
                "sha256:fd0a359c1c17f00cb37de2969984a74320970e0ceef4808c32e00773b06649d9"
            ],
            "markers": "python_version >= '3.7'",
            "version": "==1.21.0"
        },
        "opencv-python": {
            "hashes": [
                "sha256:05c5139d620e8d02f7ce0921796d55736fa19fa15e2ec00a388db2eb1ae1e9a1",
                "sha256:085232718f28bddd265da480874c37db5c7354cb08f23f4a68a8639b16276a89",
                "sha256:18a4a14015eee30d9cd514db8cdefbf594b1d5c234762d27abe512d62a333bc3",
                "sha256:205a73adb29c37e42475645519e612e843a985475da993d10b4d5daa6afec36a",
                "sha256:3c001d3feec7f3140f1fb78dfc52ca28122db8240826882d175a208a89d2731b",
                "sha256:437f30e300725e1d1b3744dbfbc66a523a4744792b58f3dbe1e9140c8f4dfba5",
                "sha256:5366fcd6eae4243add3c8c92142045850f1db8e464bcf0b75313e1596b2e3671",
                "sha256:54c64e86a087841869901fd34462bb6bec01cd4652800fdf5d92fe7b0596c82f",
                "sha256:6763729fcfee2a08e069aa1982c9a8c1abf55b9cdf2fb9640eda1d85bdece19a",
                "sha256:68813b720b88e4951e84399b9a8a7b532d45a07a96ea8f539636242f862e32e0",
                "sha256:7f41b97d84ac66bdf13cb4d9f4dad3e159525ba1e3f421e670c787ce536eb70a",
                "sha256:831b92fe63ce18dd628f71104da7e60596658b75e2fa16b83aefa3eb10c115e2",
                "sha256:881f3d85269500e0c7d72b140a6ebb5c14a089f8140fb9da7ce01f12a245858e",
                "sha256:8852be06c0749fef0d9c58f532bbcb0570968c59e41cf56b90f5c92593c6e108",
                "sha256:8b5bc61be7fc8565140b746288b370a4bfdb4edb9d680b66bb914e7690485db1",
                "sha256:8d3282138f3a8646941089aae142684910ebe40776266448eab5f4bb609fc63f",
                "sha256:9a78558b5ae848386edbb843c761e5fed5a8480be9af16274a5a78838529edeb",
                "sha256:b42bbba9f5421865377c7960bd4f3dd881003b322a6bf46ed2302b89224d102b",
                "sha256:c360cb76ad1ddbd5d2d3e730b42f2ff6e4be08ea6f4a6eefacca175d27467e8f",
                "sha256:cdc3363c2911d7cfc6c9f55308c51c2841a7aecbf0bf5e791499d220ce89d880",
                "sha256:e1f54736272830a1e895cedf7a4ee67737e31e966d380c82a81ef22515d043a3",
                "sha256:e42c644a70d5c54f53a4b114dbd88b4eb83f42a9ca998f07bd5682f3f404efcc",
                "sha256:f1bda4d144f5204e077ca4571453ebb2015e5748d5e0043386c92c2bbf7f52eb",
                "sha256:f3ac2355217114a683f3f72a9c40a5890914a59c4a2df62e4083c66ff65c9cf9"
            ],
            "index": "pypi",
            "version": "==4.5.3.56"
        },
        "toml": {
            "hashes": [
                "sha256:806143ae5bfb6a3c6e736a764057db0e6a0e05e338b5630894a5f779cabb4f9b",
                "sha256:b3bda1d108d5dd99f4a20d24d9c348e91c4db7ab1b749200bded2f839ccbe68f"
            ],
            "index": "pypi",
            "version": "==0.10.2"
        }
    },
    "develop": {}
}
